// !$*UTF8*$!
{
	archiveVersion = 1;
	classes = {
	};
	objectVersion = 52;
	objects = {

/* Begin PBXBuildFile section */
		4C5F5F4D270E80BD000AF74A /* FAQ.swift in Sources */ = {isa = PBXBuildFile; fileRef = 4C5F5F4C270E80BD000AF74A /* FAQ.swift */; };
		4C5F5F50270E8156000AF74A /* faqData.json in Resources */ = {isa = PBXBuildFile; fileRef = 4C5F5F4F270E8156000AF74A /* faqData.json */; };
		4C5F5F52270E8206000AF74A /* ModelData.swift in Sources */ = {isa = PBXBuildFile; fileRef = 4C5F5F51270E8206000AF74A /* ModelData.swift */; };
		4C5F5F54270E82EB000AF74A /* FAQRow.swift in Sources */ = {isa = PBXBuildFile; fileRef = 4C5F5F53270E82EB000AF74A /* FAQRow.swift */; };
		4C7319C1270F04F5007C576E /* PrimaryButton.swift in Sources */ = {isa = PBXBuildFile; fileRef = 4C7319C0270F04F5007C576E /* PrimaryButton.swift */; };
		4C7319C3270F0706007C576E /* Extensions.swift in Sources */ = {isa = PBXBuildFile; fileRef = 4C7319C2270F0706007C576E /* Extensions.swift */; };
		4C90062926F80A9300204ED9 /* MenuRow.swift in Sources */ = {isa = PBXBuildFile; fileRef = 4C90062826F80A9300204ED9 /* MenuRow.swift */; };
		4C911AA72715E21B00969054 /* ProfileRow.swift in Sources */ = {isa = PBXBuildFile; fileRef = 4C911AA62715E21B00969054 /* ProfileRow.swift */; };
		4C911AA92715F0DC00969054 /* GoogleService-Info.plist in Resources */ = {isa = PBXBuildFile; fileRef = 4C911AA82715F0DC00969054 /* GoogleService-Info.plist */; };
		4C911AAC2715F1A200969054 /* FirebaseFirestore in Frameworks */ = {isa = PBXBuildFile; productRef = 4C911AAB2715F1A200969054 /* FirebaseFirestore */; };
		4CA6FF8526F8DBFC000F068D /* GradientIcon.swift in Sources */ = {isa = PBXBuildFile; fileRef = 4CA6FF8426F8DBFC000F068D /* GradientIcon.swift */; };
		4CA6FF8726F8E5B2000F068D /* PackagesView.swift in Sources */ = {isa = PBXBuildFile; fileRef = 4CA6FF8626F8E5AB000F068D /* PackagesView.swift */; };
		4CA6FF8A26F8E5D1000F068D /* FAQView.swift in Sources */ = {isa = PBXBuildFile; fileRef = 4CA6FF8926F8E5D1000F068D /* FAQView.swift */; };
		4CA6FF9126F927B4000F068D /* Package.swift in Sources */ = {isa = PBXBuildFile; fileRef = 4CA6FF9026F927B4000F068D /* Package.swift */; };
		4CA6FF9326F928BE000F068D /* PackageRow.swift in Sources */ = {isa = PBXBuildFile; fileRef = 4CA6FF9226F928BE000F068D /* PackageRow.swift */; };
		4CF0BDDA26F6214E00CB9B5E /* swiftuiandcombineApp.swift in Sources */ = {isa = PBXBuildFile; fileRef = 4CF0BDD926F6214E00CB9B5E /* swiftuiandcombineApp.swift */; };
		4CF0BDDC26F6214E00CB9B5E /* ContentView.swift in Sources */ = {isa = PBXBuildFile; fileRef = 4CF0BDDB26F6214E00CB9B5E /* ContentView.swift */; };
		4CF0BDDE26F6215300CB9B5E /* Assets.xcassets in Resources */ = {isa = PBXBuildFile; fileRef = 4CF0BDDD26F6215300CB9B5E /* Assets.xcassets */; };
		4CF0BDE126F6215300CB9B5E /* Preview Assets.xcassets in Resources */ = {isa = PBXBuildFile; fileRef = 4CF0BDE026F6215300CB9B5E /* Preview Assets.xcassets */; };
		4CF0BDEB26F6337C00CB9B5E /* AccountBackground.swift in Sources */ = {isa = PBXBuildFile; fileRef = 4CF0BDE926F6337C00CB9B5E /* AccountBackground.swift */; };
		4CF0BDEC26F6337C00CB9B5E /* VisualEffectBlur.swift in Sources */ = {isa = PBXBuildFile; fileRef = 4CF0BDEA26F6337C00CB9B5E /* VisualEffectBlur.swift */; };
		4CF0BDEE26F6416600CB9B5E /* TrackableScrollView.swift in Sources */ = {isa = PBXBuildFile; fileRef = 4CF0BDED26F6416600CB9B5E /* TrackableScrollView.swift */; };
/* End PBXBuildFile section */

/* Begin PBXFileReference section */
		4C5F5F4C270E80BD000AF74A /* FAQ.swift */ = {isa = PBXFileReference; lastKnownFileType = sourcecode.swift; path = FAQ.swift; sourceTree = "<group>"; };
		4C5F5F4F270E8156000AF74A /* faqData.json */ = {isa = PBXFileReference; lastKnownFileType = text.json; path = faqData.json; sourceTree = "<group>"; };
		4C5F5F51270E8206000AF74A /* ModelData.swift */ = {isa = PBXFileReference; lastKnownFileType = sourcecode.swift; path = ModelData.swift; sourceTree = "<group>"; };
		4C5F5F53270E82EB000AF74A /* FAQRow.swift */ = {isa = PBXFileReference; lastKnownFileType = sourcecode.swift; path = FAQRow.swift; sourceTree = "<group>"; };
		4C7319C0270F04F5007C576E /* PrimaryButton.swift */ = {isa = PBXFileReference; lastKnownFileType = sourcecode.swift; path = PrimaryButton.swift; sourceTree = "<group>"; };
		4C7319C2270F0706007C576E /* Extensions.swift */ = {isa = PBXFileReference; lastKnownFileType = sourcecode.swift; path = Extensions.swift; sourceTree = "<group>"; };
		4C90062826F80A9300204ED9 /* MenuRow.swift */ = {isa = PBXFileReference; lastKnownFileType = sourcecode.swift; path = MenuRow.swift; sourceTree = "<group>"; };
		4C911AA62715E21B00969054 /* ProfileRow.swift */ = {isa = PBXFileReference; lastKnownFileType = sourcecode.swift; path = ProfileRow.swift; sourceTree = "<group>"; };
		4C911AA82715F0DC00969054 /* GoogleService-Info.plist */ = {isa = PBXFileReference; fileEncoding = 4; lastKnownFileType = text.plist.xml; path = "GoogleService-Info.plist"; sourceTree = "<group>"; };
		4CA6FF8426F8DBFC000F068D /* GradientIcon.swift */ = {isa = PBXFileReference; lastKnownFileType = sourcecode.swift; path = GradientIcon.swift; sourceTree = "<group>"; };
		4CA6FF8626F8E5AB000F068D /* PackagesView.swift */ = {isa = PBXFileReference; lastKnownFileType = sourcecode.swift; path = PackagesView.swift; sourceTree = "<group>"; };
		4CA6FF8926F8E5D1000F068D /* FAQView.swift */ = {isa = PBXFileReference; lastKnownFileType = sourcecode.swift; path = FAQView.swift; sourceTree = "<group>"; };
		4CA6FF9026F927B4000F068D /* Package.swift */ = {isa = PBXFileReference; lastKnownFileType = sourcecode.swift; path = Package.swift; sourceTree = "<group>"; };
		4CA6FF9226F928BE000F068D /* PackageRow.swift */ = {isa = PBXFileReference; lastKnownFileType = sourcecode.swift; path = PackageRow.swift; sourceTree = "<group>"; };
		4CF0BDD626F6214E00CB9B5E /* swiftuiandcombine.app */ = {isa = PBXFileReference; explicitFileType = wrapper.application; includeInIndex = 0; path = swiftuiandcombine.app; sourceTree = BUILT_PRODUCTS_DIR; };
		4CF0BDD926F6214E00CB9B5E /* swiftuiandcombineApp.swift */ = {isa = PBXFileReference; lastKnownFileType = sourcecode.swift; path = swiftuiandcombineApp.swift; sourceTree = "<group>"; };
		4CF0BDDB26F6214E00CB9B5E /* ContentView.swift */ = {isa = PBXFileReference; lastKnownFileType = sourcecode.swift; path = ContentView.swift; sourceTree = "<group>"; };
		4CF0BDDD26F6215300CB9B5E /* Assets.xcassets */ = {isa = PBXFileReference; lastKnownFileType = folder.assetcatalog; path = Assets.xcassets; sourceTree = "<group>"; };
		4CF0BDE026F6215300CB9B5E /* Preview Assets.xcassets */ = {isa = PBXFileReference; lastKnownFileType = folder.assetcatalog; path = "Preview Assets.xcassets"; sourceTree = "<group>"; };
		4CF0BDE226F6215300CB9B5E /* Info.plist */ = {isa = PBXFileReference; lastKnownFileType = text.plist.xml; path = Info.plist; sourceTree = "<group>"; };
		4CF0BDE926F6337C00CB9B5E /* AccountBackground.swift */ = {isa = PBXFileReference; fileEncoding = 4; lastKnownFileType = sourcecode.swift; path = AccountBackground.swift; sourceTree = "<group>"; };
		4CF0BDEA26F6337C00CB9B5E /* VisualEffectBlur.swift */ = {isa = PBXFileReference; fileEncoding = 4; lastKnownFileType = sourcecode.swift; path = VisualEffectBlur.swift; sourceTree = "<group>"; };
		4CF0BDED26F6416600CB9B5E /* TrackableScrollView.swift */ = {isa = PBXFileReference; lastKnownFileType = sourcecode.swift; path = TrackableScrollView.swift; sourceTree = "<group>"; };
/* End PBXFileReference section */

/* Begin PBXFrameworksBuildPhase section */
		4CF0BDD326F6214E00CB9B5E /* Frameworks */ = {
			isa = PBXFrameworksBuildPhase;
			buildActionMask = 2147483647;
			files = (
				4C911AAC2715F1A200969054 /* FirebaseFirestore in Frameworks */,
			);
			runOnlyForDeploymentPostprocessing = 0;
		};
/* End PBXFrameworksBuildPhase section */

/* Begin PBXGroup section */
		4C5F5F4E270E8130000AF74A /* Resourses */ = {
			isa = PBXGroup;
			children = (
				4C5F5F4F270E8156000AF74A /* faqData.json */,
			);
			path = Resourses;
			sourceTree = "<group>";
		};
		4C7319BF270F04DB007C576E /* Buttons */ = {
			isa = PBXGroup;
			children = (
				4C7319C0270F04F5007C576E /* PrimaryButton.swift */,
			);
			path = Buttons;
			sourceTree = "<group>";
		};
		4CA6FF8826F8E5B9000F068D /* Views */ = {
			isa = PBXGroup;
			children = (
				4CA6FF8626F8E5AB000F068D /* PackagesView.swift */,
				4CA6FF8926F8E5D1000F068D /* FAQView.swift */,
			);
			path = Views;
			sourceTree = "<group>";
		};
		4CA6FF8B26F8E5DC000F068D /* Rows */ = {
			isa = PBXGroup;
			children = (
				4C90062826F80A9300204ED9 /* MenuRow.swift */,
				4CA6FF9226F928BE000F068D /* PackageRow.swift */,
				4C5F5F53270E82EB000AF74A /* FAQRow.swift */,
				4C911AA62715E21B00969054 /* ProfileRow.swift */,
			);
			path = Rows;
			sourceTree = "<group>";
		};
		4CA6FF8C26F8E5E7000F068D /* Others */ = {
			isa = PBXGroup;
			children = (
				4CA6FF8426F8DBFC000F068D /* GradientIcon.swift */,
			);
			name = Others;
			sourceTree = "<group>";
		};
		4CA6FF8D26F8E5FD000F068D /* Utils */ = {
			isa = PBXGroup;
			children = (
				4CF0BDED26F6416600CB9B5E /* TrackableScrollView.swift */,
				4C5F5F51270E8206000AF74A /* ModelData.swift */,
				4C7319C2270F0706007C576E /* Extensions.swift */,
			);
			path = Utils;
			sourceTree = "<group>";
		};
		4CA6FF8E26F8E61A000F068D /* Components */ = {
			isa = PBXGroup;
			children = (
				4C7319BF270F04DB007C576E /* Buttons */,
				4CA6FF8C26F8E5E7000F068D /* Others */,
				4CA6FF8B26F8E5DC000F068D /* Rows */,
			);
			name = Components;
			path = Others;
			sourceTree = "<group>";
		};
		4CA6FF8F26F927A5000F068D /* Models */ = {
			isa = PBXGroup;
			children = (
				4CA6FF9026F927B4000F068D /* Package.swift */,
				4C5F5F4C270E80BD000AF74A /* FAQ.swift */,
			);
			path = Models;
			sourceTree = "<group>";
		};
		4CF0BDCD26F6214E00CB9B5E = {
			isa = PBXGroup;
			children = (
				4CF0BDD826F6214E00CB9B5E /* swiftuiandcombine */,
				4CF0BDD726F6214E00CB9B5E /* Products */,
			);
			sourceTree = "<group>";
		};
		4CF0BDD726F6214E00CB9B5E /* Products */ = {
			isa = PBXGroup;
			children = (
				4CF0BDD626F6214E00CB9B5E /* swiftuiandcombine.app */,
			);
			name = Products;
			sourceTree = "<group>";
		};
		4CF0BDD826F6214E00CB9B5E /* swiftuiandcombine */ = {
			isa = PBXGroup;
			children = (
				4C5F5F4E270E8130000AF74A /* Resourses */,
				4CA6FF8F26F927A5000F068D /* Models */,
				4CA6FF8E26F8E61A000F068D /* Components */,
				4CA6FF8D26F8E5FD000F068D /* Utils */,
				4CA6FF8826F8E5B9000F068D /* Views */,
				4CF0BDE826F6336900CB9B5E /* Graphics */,
				4CF0BDD926F6214E00CB9B5E /* swiftuiandcombineApp.swift */,
				4CF0BDDB26F6214E00CB9B5E /* ContentView.swift */,
				4CF0BDDD26F6215300CB9B5E /* Assets.xcassets */,
				4C911AA82715F0DC00969054 /* GoogleService-Info.plist */,
				4CF0BDE226F6215300CB9B5E /* Info.plist */,
				4CF0BDDF26F6215300CB9B5E /* Preview Content */,
			);
			path = swiftuiandcombine;
			sourceTree = "<group>";
		};
		4CF0BDDF26F6215300CB9B5E /* Preview Content */ = {
			isa = PBXGroup;
			children = (
				4CF0BDE026F6215300CB9B5E /* Preview Assets.xcassets */,
			);
			path = "Preview Content";
			sourceTree = "<group>";
		};
		4CF0BDE826F6336900CB9B5E /* Graphics */ = {
			isa = PBXGroup;
			children = (
				4CF0BDE926F6337C00CB9B5E /* AccountBackground.swift */,
				4CF0BDEA26F6337C00CB9B5E /* VisualEffectBlur.swift */,
			);
			path = Graphics;
			sourceTree = "<group>";
		};
/* End PBXGroup section */

/* Begin PBXNativeTarget section */
		4CF0BDD526F6214E00CB9B5E /* swiftuiandcombine */ = {
			isa = PBXNativeTarget;
			buildConfigurationList = 4CF0BDE526F6215300CB9B5E /* Build configuration list for PBXNativeTarget "swiftuiandcombine" */;
			buildPhases = (
				4CF0BDD226F6214E00CB9B5E /* Sources */,
				4CF0BDD326F6214E00CB9B5E /* Frameworks */,
				4CF0BDD426F6214E00CB9B5E /* Resources */,
			);
			buildRules = (
			);
			dependencies = (
			);
			name = swiftuiandcombine;
			packageProductDependencies = (
				4C911AAB2715F1A200969054 /* FirebaseFirestore */,
			);
			productName = swiftuiandcombine;
			productReference = 4CF0BDD626F6214E00CB9B5E /* swiftuiandcombine.app */;
			productType = "com.apple.product-type.application";
		};
/* End PBXNativeTarget section */

/* Begin PBXProject section */
		4CF0BDCE26F6214E00CB9B5E /* Project object */ = {
			isa = PBXProject;
			attributes = {
				LastSwiftUpdateCheck = 1250;
				LastUpgradeCheck = 1250;
				TargetAttributes = {
					4CF0BDD526F6214E00CB9B5E = {
						CreatedOnToolsVersion = 12.5.1;
					};
				};
			};
			buildConfigurationList = 4CF0BDD126F6214E00CB9B5E /* Build configuration list for PBXProject "swiftuiandcombine" */;
			compatibilityVersion = "Xcode 9.3";
			developmentRegion = en;
			hasScannedForEncodings = 0;
			knownRegions = (
				en,
				Base,
			);
			mainGroup = 4CF0BDCD26F6214E00CB9B5E;
			packageReferences = (
				4C911AAA2715F1A200969054 /* XCRemoteSwiftPackageReference "firebase-ios-sdk" */,
			);
			productRefGroup = 4CF0BDD726F6214E00CB9B5E /* Products */;
			projectDirPath = "";
			projectRoot = "";
			targets = (
				4CF0BDD526F6214E00CB9B5E /* swiftuiandcombine */,
			);
		};
/* End PBXProject section */

/* Begin PBXResourcesBuildPhase section */
		4CF0BDD426F6214E00CB9B5E /* Resources */ = {
			isa = PBXResourcesBuildPhase;
			buildActionMask = 2147483647;
			files = (
				4CF0BDE126F6215300CB9B5E /* Preview Assets.xcassets in Resources */,
				4C911AA92715F0DC00969054 /* GoogleService-Info.plist in Resources */,
				4CF0BDDE26F6215300CB9B5E /* Assets.xcassets in Resources */,
				4C5F5F50270E8156000AF74A /* faqData.json in Resources */,
			);
			runOnlyForDeploymentPostprocessing = 0;
		};
/* End PBXResourcesBuildPhase section */

/* Begin PBXSourcesBuildPhase section */
		4CF0BDD226F6214E00CB9B5E /* Sources */ = {
			isa = PBXSourcesBuildPhase;
			buildActionMask = 2147483647;
			files = (
				4CF0BDDC26F6214E00CB9B5E /* ContentView.swift in Sources */,
				4C5F5F54270E82EB000AF74A /* FAQRow.swift in Sources */,
				4CF0BDEE26F6416600CB9B5E /* TrackableScrollView.swift in Sources */,
				4CF0BDEB26F6337C00CB9B5E /* AccountBackground.swift in Sources */,
				4C5F5F52270E8206000AF74A /* ModelData.swift in Sources */,
				4CA6FF9326F928BE000F068D /* PackageRow.swift in Sources */,
				4CA6FF8526F8DBFC000F068D /* GradientIcon.swift in Sources */,
				4CA6FF8A26F8E5D1000F068D /* FAQView.swift in Sources */,
				4CF0BDDA26F6214E00CB9B5E /* swiftuiandcombineApp.swift in Sources */,
				4C911AA72715E21B00969054 /* ProfileRow.swift in Sources */,
				4CA6FF9126F927B4000F068D /* Package.swift in Sources */,
				4C5F5F4D270E80BD000AF74A /* FAQ.swift in Sources */,
				4C7319C3270F0706007C576E /* Extensions.swift in Sources */,
				4CF0BDEC26F6337C00CB9B5E /* VisualEffectBlur.swift in Sources */,
				4C7319C1270F04F5007C576E /* PrimaryButton.swift in Sources */,
				4C90062926F80A9300204ED9 /* MenuRow.swift in Sources */,
				4CA6FF8726F8E5B2000F068D /* PackagesView.swift in Sources */,
			);
			runOnlyForDeploymentPostprocessing = 0;
		};
/* End PBXSourcesBuildPhase section */

/* Begin XCBuildConfiguration section */
		4CF0BDE326F6215300CB9B5E /* Debug */ = {
			isa = XCBuildConfiguration;
			buildSettings = {
				ALWAYS_SEARCH_USER_PATHS = NO;
				CLANG_ANALYZER_NONNULL = YES;
				CLANG_ANALYZER_NUMBER_OBJECT_CONVERSION = YES_AGGRESSIVE;
				CLANG_CXX_LANGUAGE_STANDARD = "gnu++14";
				CLANG_CXX_LIBRARY = "libc++";
				CLANG_ENABLE_MODULES = YES;
				CLANG_ENABLE_OBJC_ARC = YES;
				CLANG_ENABLE_OBJC_WEAK = YES;
				CLANG_WARN_BLOCK_CAPTURE_AUTORELEASING = YES;
				CLANG_WARN_BOOL_CONVERSION = YES;
				CLANG_WARN_COMMA = YES;
				CLANG_WARN_CONSTANT_CONVERSION = YES;
				CLANG_WARN_DEPRECATED_OBJC_IMPLEMENTATIONS = YES;
				CLANG_WARN_DIRECT_OBJC_ISA_USAGE = YES_ERROR;
				CLANG_WARN_DOCUMENTATION_COMMENTS = YES;
				CLANG_WARN_EMPTY_BODY = YES;
				CLANG_WARN_ENUM_CONVERSION = YES;
				CLANG_WARN_INFINITE_RECURSION = YES;
				CLANG_WARN_INT_CONVERSION = YES;
				CLANG_WARN_NON_LITERAL_NULL_CONVERSION = YES;
				CLANG_WARN_OBJC_IMPLICIT_RETAIN_SELF = YES;
				CLANG_WARN_OBJC_LITERAL_CONVERSION = YES;
				CLANG_WARN_OBJC_ROOT_CLASS = YES_ERROR;
				CLANG_WARN_QUOTED_INCLUDE_IN_FRAMEWORK_HEADER = YES;
				CLANG_WARN_RANGE_LOOP_ANALYSIS = YES;
				CLANG_WARN_STRICT_PROTOTYPES = YES;
				CLANG_WARN_SUSPICIOUS_MOVE = YES;
				CLANG_WARN_UNGUARDED_AVAILABILITY = YES_AGGRESSIVE;
				CLANG_WARN_UNREACHABLE_CODE = YES;
				CLANG_WARN__DUPLICATE_METHOD_MATCH = YES;
				COPY_PHASE_STRIP = NO;
				DEBUG_INFORMATION_FORMAT = dwarf;
				ENABLE_STRICT_OBJC_MSGSEND = YES;
				ENABLE_TESTABILITY = YES;
				GCC_C_LANGUAGE_STANDARD = gnu11;
				GCC_DYNAMIC_NO_PIC = NO;
				GCC_NO_COMMON_BLOCKS = YES;
				GCC_OPTIMIZATION_LEVEL = 0;
				GCC_PREPROCESSOR_DEFINITIONS = (
					"DEBUG=1",
					"$(inherited)",
				);
				GCC_WARN_64_TO_32_BIT_CONVERSION = YES;
				GCC_WARN_ABOUT_RETURN_TYPE = YES_ERROR;
				GCC_WARN_UNDECLARED_SELECTOR = YES;
				GCC_WARN_UNINITIALIZED_AUTOS = YES_AGGRESSIVE;
				GCC_WARN_UNUSED_FUNCTION = YES;
				GCC_WARN_UNUSED_VARIABLE = YES;
				IPHONEOS_DEPLOYMENT_TARGET = 14.5;
				MTL_ENABLE_DEBUG_INFO = INCLUDE_SOURCE;
				MTL_FAST_MATH = YES;
				ONLY_ACTIVE_ARCH = YES;
				SDKROOT = iphoneos;
				SWIFT_ACTIVE_COMPILATION_CONDITIONS = DEBUG;
				SWIFT_OPTIMIZATION_LEVEL = "-Onone";
			};
			name = Debug;
		};
		4CF0BDE426F6215300CB9B5E /* Release */ = {
			isa = XCBuildConfiguration;
			buildSettings = {
				ALWAYS_SEARCH_USER_PATHS = NO;
				CLANG_ANALYZER_NONNULL = YES;
				CLANG_ANALYZER_NUMBER_OBJECT_CONVERSION = YES_AGGRESSIVE;
				CLANG_CXX_LANGUAGE_STANDARD = "gnu++14";
				CLANG_CXX_LIBRARY = "libc++";
				CLANG_ENABLE_MODULES = YES;
				CLANG_ENABLE_OBJC_ARC = YES;
				CLANG_ENABLE_OBJC_WEAK = YES;
				CLANG_WARN_BLOCK_CAPTURE_AUTORELEASING = YES;
				CLANG_WARN_BOOL_CONVERSION = YES;
				CLANG_WARN_COMMA = YES;
				CLANG_WARN_CONSTANT_CONVERSION = YES;
				CLANG_WARN_DEPRECATED_OBJC_IMPLEMENTATIONS = YES;
				CLANG_WARN_DIRECT_OBJC_ISA_USAGE = YES_ERROR;
				CLANG_WARN_DOCUMENTATION_COMMENTS = YES;
				CLANG_WARN_EMPTY_BODY = YES;
				CLANG_WARN_ENUM_CONVERSION = YES;
				CLANG_WARN_INFINITE_RECURSION = YES;
				CLANG_WARN_INT_CONVERSION = YES;
				CLANG_WARN_NON_LITERAL_NULL_CONVERSION = YES;
				CLANG_WARN_OBJC_IMPLICIT_RETAIN_SELF = YES;
				CLANG_WARN_OBJC_LITERAL_CONVERSION = YES;
				CLANG_WARN_OBJC_ROOT_CLASS = YES_ERROR;
				CLANG_WARN_QUOTED_INCLUDE_IN_FRAMEWORK_HEADER = YES;
				CLANG_WARN_RANGE_LOOP_ANALYSIS = YES;
				CLANG_WARN_STRICT_PROTOTYPES = YES;
				CLANG_WARN_SUSPICIOUS_MOVE = YES;
				CLANG_WARN_UNGUARDED_AVAILABILITY = YES_AGGRESSIVE;
				CLANG_WARN_UNREACHABLE_CODE = YES;
				CLANG_WARN__DUPLICATE_METHOD_MATCH = YES;
				COPY_PHASE_STRIP = NO;
				DEBUG_INFORMATION_FORMAT = "dwarf-with-dsym";
				ENABLE_NS_ASSERTIONS = NO;
				ENABLE_STRICT_OBJC_MSGSEND = YES;
				GCC_C_LANGUAGE_STANDARD = gnu11;
				GCC_NO_COMMON_BLOCKS = YES;
				GCC_WARN_64_TO_32_BIT_CONVERSION = YES;
				GCC_WARN_ABOUT_RETURN_TYPE = YES_ERROR;
				GCC_WARN_UNDECLARED_SELECTOR = YES;
				GCC_WARN_UNINITIALIZED_AUTOS = YES_AGGRESSIVE;
				GCC_WARN_UNUSED_FUNCTION = YES;
				GCC_WARN_UNUSED_VARIABLE = YES;
				IPHONEOS_DEPLOYMENT_TARGET = 14.5;
				MTL_ENABLE_DEBUG_INFO = NO;
				MTL_FAST_MATH = YES;
				SDKROOT = iphoneos;
				SWIFT_COMPILATION_MODE = wholemodule;
				SWIFT_OPTIMIZATION_LEVEL = "-O";
				VALIDATE_PRODUCT = YES;
			};
			name = Release;
		};
		4CF0BDE626F6215300CB9B5E /* Debug */ = {
			isa = XCBuildConfiguration;
			buildSettings = {
				ASSETCATALOG_COMPILER_APPICON_NAME = AppIcon;
				ASSETCATALOG_COMPILER_GLOBAL_ACCENT_COLOR_NAME = AccentColor;
				CODE_SIGN_STYLE = Automatic;
				DEVELOPMENT_ASSET_PATHS = "\"swiftuiandcombine/Preview Content\"";
				DEVELOPMENT_TEAM = ZX8B9U4537;
				ENABLE_PREVIEWS = YES;
				INFOPLIST_FILE = swiftuiandcombine/Info.plist;
				IPHONEOS_DEPLOYMENT_TARGET = 14.0;
				LD_RUNPATH_SEARCH_PATHS = (
					"$(inherited)",
					"@executable_path/Frameworks",
				);
				PRODUCT_BUNDLE_IDENTIFIER = com.danielaraujos.swiftuiandcombine;
				PRODUCT_NAME = "$(TARGET_NAME)";
				SWIFT_VERSION = 5.0;
				TARGETED_DEVICE_FAMILY = 1;
			};
			name = Debug;
		};
		4CF0BDE726F6215300CB9B5E /* Release */ = {
			isa = XCBuildConfiguration;
			buildSettings = {
				ASSETCATALOG_COMPILER_APPICON_NAME = AppIcon;
				ASSETCATALOG_COMPILER_GLOBAL_ACCENT_COLOR_NAME = AccentColor;
				CODE_SIGN_STYLE = Automatic;
				DEVELOPMENT_ASSET_PATHS = "\"swiftuiandcombine/Preview Content\"";
				DEVELOPMENT_TEAM = ZX8B9U4537;
				ENABLE_PREVIEWS = YES;
				INFOPLIST_FILE = swiftuiandcombine/Info.plist;
				IPHONEOS_DEPLOYMENT_TARGET = 14.0;
				LD_RUNPATH_SEARCH_PATHS = (
					"$(inherited)",
					"@executable_path/Frameworks",
				);
				PRODUCT_BUNDLE_IDENTIFIER = com.danielaraujos.swiftuiandcombine;
				PRODUCT_NAME = "$(TARGET_NAME)";
				SWIFT_VERSION = 5.0;
				TARGETED_DEVICE_FAMILY = 1;
			};
			name = Release;
		};
/* End XCBuildConfiguration section */

/* Begin XCConfigurationList section */
		4CF0BDD126F6214E00CB9B5E /* Build configuration list for PBXProject "swiftuiandcombine" */ = {
			isa = XCConfigurationList;
			buildConfigurations = (
				4CF0BDE326F6215300CB9B5E /* Debug */,
				4CF0BDE426F6215300CB9B5E /* Release */,
			);
			defaultConfigurationIsVisible = 0;
			defaultConfigurationName = Release;
		};
		4CF0BDE526F6215300CB9B5E /* Build configuration list for PBXNativeTarget "swiftuiandcombine" */ = {
			isa = XCConfigurationList;
			buildConfigurations = (
				4CF0BDE626F6215300CB9B5E /* Debug */,
				4CF0BDE726F6215300CB9B5E /* Release */,
			);
			defaultConfigurationIsVisible = 0;
			defaultConfigurationName = Release;
		};
/* End XCConfigurationList section */

/* Begin XCRemoteSwiftPackageReference section */
		4C911AAA2715F1A200969054 /* XCRemoteSwiftPackageReference "firebase-ios-sdk" */ = {
			isa = XCRemoteSwiftPackageReference;
			repositoryURL = "https://github.com/firebase/firebase-ios-sdk.git";
			requirement = {
				kind = upToNextMajorVersion;
				minimumVersion = 8.8.1;
			};
		};
/* End XCRemoteSwiftPackageReference section */

/* Begin XCSwiftPackageProductDependency section */
		4C911AAB2715F1A200969054 /* FirebaseFirestore */ = {
			isa = XCSwiftPackageProductDependency;
			package = 4C911AAA2715F1A200969054 /* XCRemoteSwiftPackageReference "firebase-ios-sdk" */;
			productName = FirebaseFirestore;
		};
/* End XCSwiftPackageProductDependency section */
	};
	rootObject = 4CF0BDCE26F6214E00CB9B5E /* Project object */;
}
